
Microsoft Visual Studio Solution File, Format Version 11.00
# Visual Studio 2010
Project("{8BC9CEB8-8B4A-11D0-8D11-00A0C91BC942}") = "UltraVncAx", "UltraVncAx.vcxproj", "{82D3C05F-7E4F-C0A7-EDE0-A8693313786A}"
	ProjectSection(ProjectDependencies) = postProject
		{4C55342A-CBCD-5856-442A-D6E5156FA0D3} = {4C55342A-CBCD-5856-442A-D6E5156FA0D3}
		{FC4AED84-4625-3949-937C-E70821F3D1D7} = {FC4AED84-4625-3949-937C-E70821F3D1D7}
		{9558F6D3-B318-5992-7E9C-36A96663633A} = {9558F6D3-B318-5992-7E9C-36A96663633A}
		{EFB6F5F3-AEA1-3C9D-ADCC-003BB4E4E0C8} = {EFB6F5F3-AEA1-3C9D-ADCC-003BB4E4E0C8}
	EndProjectSection
EndProject
Project("{8BC9CEB8-8B4A-11D0-8D11-00A0C91BC942}") = "libjpeg", "..\libjpeg\libjpeg.vcxproj", "{4C55342A-CBCD-5856-442A-D6E5156FA0D3}"
	ProjectSection(ProjectDependencies) = postProject
		{FC4AED84-4625-3949-937C-E70821F3D1D7} = {FC4AED84-4625-3949-937C-E70821F3D1D7}
		{9558F6D3-B318-5992-7E9C-36A96663633A} = {9558F6D3-B318-5992-7E9C-36A96663633A}
		{EFB6F5F3-AEA1-3C9D-ADCC-003BB4E4E0C8} = {EFB6F5F3-AEA1-3C9D-ADCC-003BB4E4E0C8}
	EndProjectSection
EndProject
Project("{8BC9CEB8-8B4A-11D0-8D11-00A0C91BC942}") = "omnithread", "..\omnithread\omnithread.vcxproj", "{EFB6F5F3-AEA1-3C9D-ADCC-003BB4E4E0C8}"
	ProjectSection(ProjectDependencies) = postProject
		{9558F6D3-B318-5992-7E9C-36A96663633A} = {9558F6D3-B318-5992-7E9C-36A96663633A}
	EndProjectSection
EndProject
Project("{8BC9CEB8-8B4A-11D0-8D11-00A0C91BC942}") = "zlib", "..\zlib\zlib.vcxproj", "{9558F6D3-B318-5992-7E9C-36A96663633A}"
EndProject
Project("{8BC9CEB8-8B4A-11D0-8D11-00A0C91BC942}") = "rdr", "..\rdr\rdr.vcxproj", "{FC4AED84-4625-3949-937C-E70821F3D1D7}"
	ProjectSection(ProjectDependencies) = postProject
		{9558F6D3-B318-5992-7E9C-36A96663633A} = {9558F6D3-B318-5992-7E9C-36A96663633A}
		{EFB6F5F3-AEA1-3C9D-ADCC-003BB4E4E0C8} = {EFB6F5F3-AEA1-3C9D-ADCC-003BB4E4E0C8}
	EndProjectSection
EndProject
Project("{FAE04EC0-301F-11D3-BF4B-00C04F79EFBC}") = "TestActivex", "..\TestActivex\TestActivex\TestActivex.csproj", "{B2569458-157E-4878-9093-87A207D53A18}"
	ProjectSection(ProjectDependencies) = postProject
		{4C55342A-CBCD-5856-442A-D6E5156FA0D3} = {4C55342A-CBCD-5856-442A-D6E5156FA0D3}
		{82D3C05F-7E4F-C0A7-EDE0-A8693313786A} = {82D3C05F-7E4F-C0A7-EDE0-A8693313786A}
		{FC4AED84-4625-3949-937C-E70821F3D1D7} = {FC4AED84-4625-3949-937C-E70821F3D1D7}
		{9558F6D3-B318-5992-7E9C-36A96663633A} = {9558F6D3-B318-5992-7E9C-36A96663633A}
		{EFB6F5F3-AEA1-3C9D-ADCC-003BB4E4E0C8} = {EFB6F5F3-AEA1-3C9D-ADCC-003BB4E4E0C8}
	EndProjectSection
EndProject
Project("{FAE04EC0-301F-11D3-BF4B-00C04F79EFBC}") = "UVNCActiveX", "..\TestActivex\UVNCActiveX\UVNCActiveX.csproj", "{0AFD2D0F-44A5-45B7-81F6-689049C9DF48}"
	ProjectSection(ProjectDependencies) = postProject
		{4C55342A-CBCD-5856-442A-D6E5156FA0D3} = {4C55342A-CBCD-5856-442A-D6E5156FA0D3}
		{82D3C05F-7E4F-C0A7-EDE0-A8693313786A} = {82D3C05F-7E4F-C0A7-EDE0-A8693313786A}
		{FC4AED84-4625-3949-937C-E70821F3D1D7} = {FC4AED84-4625-3949-937C-E70821F3D1D7}
		{9558F6D3-B318-5992-7E9C-36A96663633A} = {9558F6D3-B318-5992-7E9C-36A96663633A}
		{EFB6F5F3-AEA1-3C9D-ADCC-003BB4E4E0C8} = {EFB6F5F3-AEA1-3C9D-ADCC-003BB4E4E0C8}
	EndProjectSection
EndProject
Global
	GlobalSection(SolutionConfigurationPlatforms) = preSolution
		Debug|Any CPU = Debug|Any CPU
		Debug|Mixed Platforms = Debug|Mixed Platforms
		Debug|Win32 = Debug|Win32
		Debug|x86 = Debug|x86
		Profile|Any CPU = Profile|Any CPU
		Profile|Mixed Platforms = Profile|Mixed Platforms
		Profile|Win32 = Profile|Win32
		Profile|x86 = Profile|x86
		Release CORBA DEBUG|Any CPU = Release CORBA DEBUG|Any CPU
		Release CORBA DEBUG|Mixed Platforms = Release CORBA DEBUG|Mixed Platforms
		Release CORBA DEBUG|Win32 = Release CORBA DEBUG|Win32
		Release CORBA DEBUG|x86 = Release CORBA DEBUG|x86
		Release CORBA|Any CPU = Release CORBA|Any CPU
		Release CORBA|Mixed Platforms = Release CORBA|Mixed Platforms
		Release CORBA|Win32 = Release CORBA|Win32
		Release CORBA|x86 = Release CORBA|x86
		Release|Any CPU = Release|Any CPU
		Release|Mixed Platforms = Release|Mixed Platforms
		Release|Win32 = Release|Win32
		Release|x86 = Release|x86
		Template|Any CPU = Template|Any CPU
		Template|Mixed Platforms = Template|Mixed Platforms
		Template|Win32 = Template|Win32
		Template|x86 = Template|x86
	EndGlobalSection
	GlobalSection(ProjectConfigurationPlatforms) = postSolution
		{82D3C05F-7E4F-C0A7-EDE0-A8693313786A}.Debug|Any CPU.ActiveCfg = Debug|Win32
		{82D3C05F-7E4F-C0A7-EDE0-A8693313786A}.Debug|Mixed Platforms.ActiveCfg = Debug|Win32
		{82D3C05F-7E4F-C0A7-EDE0-A8693313786A}.Debug|Mixed Platforms.Build.0 = Debug|Win32
		{82D3C05F-7E4F-C0A7-EDE0-A8693313786A}.Debug|Win32.ActiveCfg = Debug|Win32
		{82D3C05F-7E4F-C0A7-EDE0-A8693313786A}.Debug|Win32.Build.0 = Debug|Win32
		{82D3C05F-7E4F-C0A7-EDE0-A8693313786A}.Debug|x86.ActiveCfg = Debug|Win32
		{82D3C05F-7E4F-C0A7-EDE0-A8693313786A}.Profile|Any CPU.ActiveCfg = Release|Win32
		{82D3C05F-7E4F-C0A7-EDE0-A8693313786A}.Profile|Mixed Platforms.ActiveCfg = Release|Win32
		{82D3C05F-7E4F-C0A7-EDE0-A8693313786A}.Profile|Mixed Platforms.Build.0 = Release|Win32
		{82D3C05F-7E4F-C0A7-EDE0-A8693313786A}.Profile|Win32.ActiveCfg = Release|Win32
		{82D3C05F-7E4F-C0A7-EDE0-A8693313786A}.Profile|Win32.Build.0 = Release|Win32
		{82D3C05F-7E4F-C0A7-EDE0-A8693313786A}.Profile|x86.ActiveCfg = Release|Win32
		{82D3C05F-7E4F-C0A7-EDE0-A8693313786A}.Release CORBA DEBUG|Any CPU.ActiveCfg = Release|Win32
		{82D3C05F-7E4F-C0A7-EDE0-A8693313786A}.Release CORBA DEBUG|Mixed Platforms.ActiveCfg = Release|Win32
		{82D3C05F-7E4F-C0A7-EDE0-A8693313786A}.Release CORBA DEBUG|Mixed Platforms.Build.0 = Release|Win32
		{82D3C05F-7E4F-C0A7-EDE0-A8693313786A}.Release CORBA DEBUG|Win32.ActiveCfg = Release|Win32
		{82D3C05F-7E4F-C0A7-EDE0-A8693313786A}.Release CORBA DEBUG|Win32.Build.0 = Release|Win32
		{82D3C05F-7E4F-C0A7-EDE0-A8693313786A}.Release CORBA DEBUG|x86.ActiveCfg = Release|Win32
		{82D3C05F-7E4F-C0A7-EDE0-A8693313786A}.Release CORBA|Any CPU.ActiveCfg = Release|Win32
		{82D3C05F-7E4F-C0A7-EDE0-A8693313786A}.Release CORBA|Mixed Platforms.ActiveCfg = Release|Win32
		{82D3C05F-7E4F-C0A7-EDE0-A8693313786A}.Release CORBA|Mixed Platforms.Build.0 = Release|Win32
		{82D3C05F-7E4F-C0A7-EDE0-A8693313786A}.Release CORBA|Win32.ActiveCfg = Release|Win32
		{82D3C05F-7E4F-C0A7-EDE0-A8693313786A}.Release CORBA|Win32.Build.0 = Release|Win32
		{82D3C05F-7E4F-C0A7-EDE0-A8693313786A}.Release CORBA|x86.ActiveCfg = Release|Win32
		{82D3C05F-7E4F-C0A7-EDE0-A8693313786A}.Release|Any CPU.ActiveCfg = Release|Win32
		{82D3C05F-7E4F-C0A7-EDE0-A8693313786A}.Release|Mixed Platforms.ActiveCfg = Release|Win32
		{82D3C05F-7E4F-C0A7-EDE0-A8693313786A}.Release|Mixed Platforms.Build.0 = Release|Win32
		{82D3C05F-7E4F-C0A7-EDE0-A8693313786A}.Release|Win32.ActiveCfg = Release|Win32
		{82D3C05F-7E4F-C0A7-EDE0-A8693313786A}.Release|Win32.Build.0 = Release|Win32
		{82D3C05F-7E4F-C0A7-EDE0-A8693313786A}.Release|x86.ActiveCfg = Release|Win32
		{82D3C05F-7E4F-C0A7-EDE0-A8693313786A}.Template|Any CPU.ActiveCfg = Release|Win32
		{82D3C05F-7E4F-C0A7-EDE0-A8693313786A}.Template|Mixed Platforms.ActiveCfg = Release|Win32
		{82D3C05F-7E4F-C0A7-EDE0-A8693313786A}.Template|Mixed Platforms.Build.0 = Release|Win32
		{82D3C05F-7E4F-C0A7-EDE0-A8693313786A}.Template|Win32.ActiveCfg = Release|Win32
		{82D3C05F-7E4F-C0A7-EDE0-A8693313786A}.Template|Win32.Build.0 = Release|Win32
		{82D3C05F-7E4F-C0A7-EDE0-A8693313786A}.Template|x86.ActiveCfg = Release|Win32
		{4C55342A-CBCD-5856-442A-D6E5156FA0D3}.Debug|Any CPU.ActiveCfg = Debug|Win32
		{4C55342A-CBCD-5856-442A-D6E5156FA0D3}.Debug|Mixed Platforms.ActiveCfg = Debug|Win32
		{4C55342A-CBCD-5856-442A-D6E5156FA0D3}.Debug|Mixed Platforms.Build.0 = Debug|Win32
		{4C55342A-CBCD-5856-442A-D6E5156FA0D3}.Debug|Win32.ActiveCfg = Debug|Win32
		{4C55342A-CBCD-5856-442A-D6E5156FA0D3}.Debug|Win32.Build.0 = Debug|Win32
		{4C55342A-CBCD-5856-442A-D6E5156FA0D3}.Debug|x86.ActiveCfg = Debug|Win32
		{4C55342A-CBCD-5856-442A-D6E5156FA0D3}.Profile|Any CPU.ActiveCfg = Template|Win32
		{4C55342A-CBCD-5856-442A-D6E5156FA0D3}.Profile|Mixed Platforms.ActiveCfg = Template|Win32
		{4C55342A-CBCD-5856-442A-D6E5156FA0D3}.Profile|Mixed Platforms.Build.0 = Template|Win32
		{4C55342A-CBCD-5856-442A-D6E5156FA0D3}.Profile|Win32.ActiveCfg = Template|Win32
		{4C55342A-CBCD-5856-442A-D6E5156FA0D3}.Profile|Win32.Build.0 = Template|Win32
		{4C55342A-CBCD-5856-442A-D6E5156FA0D3}.Profile|x86.ActiveCfg = Template|Win32
		{4C55342A-CBCD-5856-442A-D6E5156FA0D3}.Release CORBA DEBUG|Any CPU.ActiveCfg = Release|Win32
		{4C55342A-CBCD-5856-442A-D6E5156FA0D3}.Release CORBA DEBUG|Mixed Platforms.ActiveCfg = Release|Win32
		{4C55342A-CBCD-5856-442A-D6E5156FA0D3}.Release CORBA DEBUG|Mixed Platforms.Build.0 = Release|Win32
		{4C55342A-CBCD-5856-442A-D6E5156FA0D3}.Release CORBA DEBUG|Win32.ActiveCfg = Release|Win32
		{4C55342A-CBCD-5856-442A-D6E5156FA0D3}.Release CORBA DEBUG|Win32.Build.0 = Release|Win32
		{4C55342A-CBCD-5856-442A-D6E5156FA0D3}.Release CORBA DEBUG|x86.ActiveCfg = Release|Win32
		{4C55342A-CBCD-5856-442A-D6E5156FA0D3}.Release CORBA|Any CPU.ActiveCfg = Release|Win32
		{4C55342A-CBCD-5856-442A-D6E5156FA0D3}.Release CORBA|Mixed Platforms.ActiveCfg = Release|Win32
		{4C55342A-CBCD-5856-442A-D6E5156FA0D3}.Release CORBA|Mixed Platforms.Build.0 = Release|Win32
		{4C55342A-CBCD-5856-442A-D6E5156FA0D3}.Release CORBA|Win32.ActiveCfg = Release|Win32
		{4C55342A-CBCD-5856-442A-D6E5156FA0D3}.Release CORBA|Win32.Build.0 = Release|Win32
		{4C55342A-CBCD-5856-442A-D6E5156FA0D3}.Release CORBA|x86.ActiveCfg = Release|Win32
		{4C55342A-CBCD-5856-442A-D6E5156FA0D3}.Release|Any CPU.ActiveCfg = Release|Win32
		{4C55342A-CBCD-5856-442A-D6E5156FA0D3}.Release|Mixed Platforms.ActiveCfg = Release|Win32
		{4C55342A-CBCD-5856-442A-D6E5156FA0D3}.Release|Mixed Platforms.Build.0 = Release|Win32
		{4C55342A-CBCD-5856-442A-D6E5156FA0D3}.Release|Win32.ActiveCfg = Release|Win32
		{4C55342A-CBCD-5856-442A-D6E5156FA0D3}.Release|Win32.Build.0 = Release|Win32
		{4C55342A-CBCD-5856-442A-D6E5156FA0D3}.Release|x86.ActiveCfg = Release|Win32
		{4C55342A-CBCD-5856-442A-D6E5156FA0D3}.Template|Any CPU.ActiveCfg = Template|Win32
		{4C55342A-CBCD-5856-442A-D6E5156FA0D3}.Template|Mixed Platforms.ActiveCfg = Template|Win32
		{4C55342A-CBCD-5856-442A-D6E5156FA0D3}.Template|Mixed Platforms.Build.0 = Template|Win32
		{4C55342A-CBCD-5856-442A-D6E5156FA0D3}.Template|Win32.ActiveCfg = Template|Win32
		{4C55342A-CBCD-5856-442A-D6E5156FA0D3}.Template|Win32.Build.0 = Template|Win32
		{4C55342A-CBCD-5856-442A-D6E5156FA0D3}.Template|x86.ActiveCfg = Template|Win32
		{EFB6F5F3-AEA1-3C9D-ADCC-003BB4E4E0C8}.Debug|Any CPU.ActiveCfg = Debug|Win32
		{EFB6F5F3-AEA1-3C9D-ADCC-003BB4E4E0C8}.Debug|Mixed Platforms.ActiveCfg = Debug|Win32
		{EFB6F5F3-AEA1-3C9D-ADCC-003BB4E4E0C8}.Debug|Mixed Platforms.Build.0 = Debug|Win32
		{EFB6F5F3-AEA1-3C9D-ADCC-003BB4E4E0C8}.Debug|Win32.ActiveCfg = Debug|Win32
		{EFB6F5F3-AEA1-3C9D-ADCC-003BB4E4E0C8}.Debug|Win32.Build.0 = Debug|Win32
		{EFB6F5F3-AEA1-3C9D-ADCC-003BB4E4E0C8}.Debug|x86.ActiveCfg = Debug|Win32
		{EFB6F5F3-AEA1-3C9D-ADCC-003BB4E4E0C8}.Profile|Any CPU.ActiveCfg = Template|Win32
		{EFB6F5F3-AEA1-3C9D-ADCC-003BB4E4E0C8}.Profile|Mixed Platforms.ActiveCfg = Template|Win32
		{EFB6F5F3-AEA1-3C9D-ADCC-003BB4E4E0C8}.Profile|Mixed Platforms.Build.0 = Template|Win32
		{EFB6F5F3-AEA1-3C9D-ADCC-003BB4E4E0C8}.Profile|Win32.ActiveCfg = Template|Win32
		{EFB6F5F3-AEA1-3C9D-ADCC-003BB4E4E0C8}.Profile|Win32.Build.0 = Template|Win32
		{EFB6F5F3-AEA1-3C9D-ADCC-003BB4E4E0C8}.Profile|x86.ActiveCfg = Template|Win32
		{EFB6F5F3-AEA1-3C9D-ADCC-003BB4E4E0C8}.Release CORBA DEBUG|Any CPU.ActiveCfg = Release|Win32
		{EFB6F5F3-AEA1-3C9D-ADCC-003BB4E4E0C8}.Release CORBA DEBUG|Mixed Platforms.ActiveCfg = Release|Win32
		{EFB6F5F3-AEA1-3C9D-ADCC-003BB4E4E0C8}.Release CORBA DEBUG|Mixed Platforms.Build.0 = Release|Win32
		{EFB6F5F3-AEA1-3C9D-ADCC-003BB4E4E0C8}.Release CORBA DEBUG|Win32.ActiveCfg = Release|Win32
		{EFB6F5F3-AEA1-3C9D-ADCC-003BB4E4E0C8}.Release CORBA DEBUG|Win32.Build.0 = Release|Win32
		{EFB6F5F3-AEA1-3C9D-ADCC-003BB4E4E0C8}.Release CORBA DEBUG|x86.ActiveCfg = Release|Win32
		{EFB6F5F3-AEA1-3C9D-ADCC-003BB4E4E0C8}.Release CORBA|Any CPU.ActiveCfg = Release|Win32
		{EFB6F5F3-AEA1-3C9D-ADCC-003BB4E4E0C8}.Release CORBA|Mixed Platforms.ActiveCfg = Release|Win32
		{EFB6F5F3-AEA1-3C9D-ADCC-003BB4E4E0C8}.Release CORBA|Mixed Platforms.Build.0 = Release|Win32
		{EFB6F5F3-AEA1-3C9D-ADCC-003BB4E4E0C8}.Release CORBA|Win32.ActiveCfg = Release|Win32
		{EFB6F5F3-AEA1-3C9D-ADCC-003BB4E4E0C8}.Release CORBA|Win32.Build.0 = Release|Win32
		{EFB6F5F3-AEA1-3C9D-ADCC-003BB4E4E0C8}.Release CORBA|x86.ActiveCfg = Release|Win32
		{EFB6F5F3-AEA1-3C9D-ADCC-003BB4E4E0C8}.Release|Any CPU.ActiveCfg = Release|Win32
		{EFB6F5F3-AEA1-3C9D-ADCC-003BB4E4E0C8}.Release|Mixed Platforms.ActiveCfg = Release|Win32
		{EFB6F5F3-AEA1-3C9D-ADCC-003BB4E4E0C8}.Release|Mixed Platforms.Build.0 = Release|Win32
		{EFB6F5F3-AEA1-3C9D-ADCC-003BB4E4E0C8}.Release|Win32.ActiveCfg = Release|Win32
		{EFB6F5F3-AEA1-3C9D-ADCC-003BB4E4E0C8}.Release|Win32.Build.0 = Release|Win32
		{EFB6F5F3-AEA1-3C9D-ADCC-003BB4E4E0C8}.Release|x86.ActiveCfg = Release|Win32
		{EFB6F5F3-AEA1-3C9D-ADCC-003BB4E4E0C8}.Template|Any CPU.ActiveCfg = Template|Win32
		{EFB6F5F3-AEA1-3C9D-ADCC-003BB4E4E0C8}.Template|Mixed Platforms.ActiveCfg = Template|Win32
		{EFB6F5F3-AEA1-3C9D-ADCC-003BB4E4E0C8}.Template|Mixed Platforms.Build.0 = Template|Win32
		{EFB6F5F3-AEA1-3C9D-ADCC-003BB4E4E0C8}.Template|Win32.ActiveCfg = Template|Win32
		{EFB6F5F3-AEA1-3C9D-ADCC-003BB4E4E0C8}.Template|Win32.Build.0 = Template|Win32
		{EFB6F5F3-AEA1-3C9D-ADCC-003BB4E4E0C8}.Template|x86.ActiveCfg = Template|Win32
		{9558F6D3-B318-5992-7E9C-36A96663633A}.Debug|Any CPU.ActiveCfg = Debug|Win32
		{9558F6D3-B318-5992-7E9C-36A96663633A}.Debug|Mixed Platforms.ActiveCfg = Debug|Win32
		{9558F6D3-B318-5992-7E9C-36A96663633A}.Debug|Mixed Platforms.Build.0 = Debug|Win32
		{9558F6D3-B318-5992-7E9C-36A96663633A}.Debug|Win32.ActiveCfg = Debug|Win32
		{9558F6D3-B318-5992-7E9C-36A96663633A}.Debug|Win32.Build.0 = Debug|Win32
		{9558F6D3-B318-5992-7E9C-36A96663633A}.Debug|x86.ActiveCfg = Debug|Win32
		{9558F6D3-B318-5992-7E9C-36A96663633A}.Profile|Any CPU.ActiveCfg = Profile|Win32
		{9558F6D3-B318-5992-7E9C-36A96663633A}.Profile|Mixed Platforms.ActiveCfg = Profile|Win32
		{9558F6D3-B318-5992-7E9C-36A96663633A}.Profile|Mixed Platforms.Build.0 = Profile|Win32
		{9558F6D3-B318-5992-7E9C-36A96663633A}.Profile|Win32.ActiveCfg = Profile|Win32
		{9558F6D3-B318-5992-7E9C-36A96663633A}.Profile|Win32.Build.0 = Profile|Win32
		{9558F6D3-B318-5992-7E9C-36A96663633A}.Profile|x86.ActiveCfg = Profile|Win32
		{9558F6D3-B318-5992-7E9C-36A96663633A}.Release CORBA DEBUG|Any CPU.ActiveCfg = Release CORBA DEBUG|Win32
		{9558F6D3-B318-5992-7E9C-36A96663633A}.Release CORBA DEBUG|Mixed Platforms.ActiveCfg = Release CORBA DEBUG|Win32
		{9558F6D3-B318-5992-7E9C-36A96663633A}.Release CORBA DEBUG|Mixed Platforms.Build.0 = Release CORBA DEBUG|Win32
		{9558F6D3-B318-5992-7E9C-36A96663633A}.Release CORBA DEBUG|Win32.ActiveCfg = Release CORBA DEBUG|Win32
		{9558F6D3-B318-5992-7E9C-36A96663633A}.Release CORBA DEBUG|Win32.Build.0 = Release CORBA DEBUG|Win32
		{9558F6D3-B318-5992-7E9C-36A96663633A}.Release CORBA DEBUG|x86.ActiveCfg = Release CORBA DEBUG|Win32
		{9558F6D3-B318-5992-7E9C-36A96663633A}.Release CORBA|Any CPU.ActiveCfg = Release CORBA|Win32
		{9558F6D3-B318-5992-7E9C-36A96663633A}.Release CORBA|Mixed Platforms.ActiveCfg = Release CORBA|Win32
		{9558F6D3-B318-5992-7E9C-36A96663633A}.Release CORBA|Mixed Platforms.Build.0 = Release CORBA|Win32
		{9558F6D3-B318-5992-7E9C-36A96663633A}.Release CORBA|Win32.ActiveCfg = Release CORBA|Win32
		{9558F6D3-B318-5992-7E9C-36A96663633A}.Release CORBA|Win32.Build.0 = Release CORBA|Win32
		{9558F6D3-B318-5992-7E9C-36A96663633A}.Release CORBA|x86.ActiveCfg = Release CORBA|Win32
		{9558F6D3-B318-5992-7E9C-36A96663633A}.Release|Any CPU.ActiveCfg = Release|Win32
		{9558F6D3-B318-5992-7E9C-36A96663633A}.Release|Mixed Platforms.ActiveCfg = Release|Win32
		{9558F6D3-B318-5992-7E9C-36A96663633A}.Release|Mixed Platforms.Build.0 = Release|Win32
		{9558F6D3-B318-5992-7E9C-36A96663633A}.Release|Win32.ActiveCfg = Release|Win32
		{9558F6D3-B318-5992-7E9C-36A96663633A}.Release|Win32.Build.0 = Release|Win32
		{9558F6D3-B318-5992-7E9C-36A96663633A}.Release|x86.ActiveCfg = Release|Win32
		{9558F6D3-B318-5992-7E9C-36A96663633A}.Template|Any CPU.ActiveCfg = Template|Win32
		{9558F6D3-B318-5992-7E9C-36A96663633A}.Template|Mixed Platforms.ActiveCfg = Template|Win32
		{9558F6D3-B318-5992-7E9C-36A96663633A}.Template|Mixed Platforms.Build.0 = Template|Win32
		{9558F6D3-B318-5992-7E9C-36A96663633A}.Template|Win32.ActiveCfg = Template|Win32
		{9558F6D3-B318-5992-7E9C-36A96663633A}.Template|Win32.Build.0 = Template|Win32
		{9558F6D3-B318-5992-7E9C-36A96663633A}.Template|x86.ActiveCfg = Template|Win32
		{FC4AED84-4625-3949-937C-E70821F3D1D7}.Debug|Any CPU.ActiveCfg = Debug|Win32
		{FC4AED84-4625-3949-937C-E70821F3D1D7}.Debug|Mixed Platforms.ActiveCfg = Debug|Win32
		{FC4AED84-4625-3949-937C-E70821F3D1D7}.Debug|Mixed Platforms.Build.0 = Debug|Win32
		{FC4AED84-4625-3949-937C-E70821F3D1D7}.Debug|Win32.ActiveCfg = Debug|Win32
		{FC4AED84-4625-3949-937C-E70821F3D1D7}.Debug|Win32.Build.0 = Debug|Win32
		{FC4AED84-4625-3949-937C-E70821F3D1D7}.Debug|x86.ActiveCfg = Debug|Win32
		{FC4AED84-4625-3949-937C-E70821F3D1D7}.Profile|Any CPU.ActiveCfg = Profile|Win32
		{FC4AED84-4625-3949-937C-E70821F3D1D7}.Profile|Mixed Platforms.ActiveCfg = Profile|Win32
		{FC4AED84-4625-3949-937C-E70821F3D1D7}.Profile|Mixed Platforms.Build.0 = Profile|Win32
		{FC4AED84-4625-3949-937C-E70821F3D1D7}.Profile|Win32.ActiveCfg = Profile|Win32
		{FC4AED84-4625-3949-937C-E70821F3D1D7}.Profile|Win32.Build.0 = Profile|Win32
		{FC4AED84-4625-3949-937C-E70821F3D1D7}.Profile|x86.ActiveCfg = Profile|Win32
		{FC4AED84-4625-3949-937C-E70821F3D1D7}.Release CORBA DEBUG|Any CPU.ActiveCfg = Release CORBA DEBUG|Win32
		{FC4AED84-4625-3949-937C-E70821F3D1D7}.Release CORBA DEBUG|Mixed Platforms.ActiveCfg = Release CORBA DEBUG|Win32
		{FC4AED84-4625-3949-937C-E70821F3D1D7}.Release CORBA DEBUG|Mixed Platforms.Build.0 = Release CORBA DEBUG|Win32
		{FC4AED84-4625-3949-937C-E70821F3D1D7}.Release CORBA DEBUG|Win32.ActiveCfg = Release CORBA DEBUG|Win32
		{FC4AED84-4625-3949-937C-E70821F3D1D7}.Release CORBA DEBUG|Win32.Build.0 = Release CORBA DEBUG|Win32
		{FC4AED84-4625-3949-937C-E70821F3D1D7}.Release CORBA DEBUG|x86.ActiveCfg = Release CORBA DEBUG|Win32
		{FC4AED84-4625-3949-937C-E70821F3D1D7}.Release CORBA|Any CPU.ActiveCfg = Release CORBA|Win32
		{FC4AED84-4625-3949-937C-E70821F3D1D7}.Release CORBA|Mixed Platforms.ActiveCfg = Release CORBA|Win32
		{FC4AED84-4625-3949-937C-E70821F3D1D7}.Release CORBA|Mixed Platforms.Build.0 = Release CORBA|Win32
		{FC4AED84-4625-3949-937C-E70821F3D1D7}.Release CORBA|Win32.ActiveCfg = Release CORBA|Win32
		{FC4AED84-4625-3949-937C-E70821F3D1D7}.Release CORBA|Win32.Build.0 = Release CORBA|Win32
		{FC4AED84-4625-3949-937C-E70821F3D1D7}.Release CORBA|x86.ActiveCfg = Release CORBA|Win32
		{FC4AED84-4625-3949-937C-E70821F3D1D7}.Release|Any CPU.ActiveCfg = Release|Win32
		{FC4AED84-4625-3949-937C-E70821F3D1D7}.Release|Mixed Platforms.ActiveCfg = Release|Win32
		{FC4AED84-4625-3949-937C-E70821F3D1D7}.Release|Mixed Platforms.Build.0 = Release|Win32
		{FC4AED84-4625-3949-937C-E70821F3D1D7}.Release|Win32.ActiveCfg = Release|Win32
		{FC4AED84-4625-3949-937C-E70821F3D1D7}.Release|Win32.Build.0 = Release|Win32
		{FC4AED84-4625-3949-937C-E70821F3D1D7}.Release|x86.ActiveCfg = Release|Win32
		{FC4AED84-4625-3949-937C-E70821F3D1D7}.Template|Any CPU.ActiveCfg = Template|Win32
		{FC4AED84-4625-3949-937C-E70821F3D1D7}.Template|Mixed Platforms.ActiveCfg = Template|Win32
		{FC4AED84-4625-3949-937C-E70821F3D1D7}.Template|Mixed Platforms.Build.0 = Template|Win32
		{FC4AED84-4625-3949-937C-E70821F3D1D7}.Template|Win32.ActiveCfg = Template|Win32
		{FC4AED84-4625-3949-937C-E70821F3D1D7}.Template|Win32.Build.0 = Template|Win32
		{FC4AED84-4625-3949-937C-E70821F3D1D7}.Template|x86.ActiveCfg = Template|Win32
		{B2569458-157E-4878-9093-87A207D53A18}.Debug|Any CPU.ActiveCfg = Debug|x86
		{B2569458-157E-4878-9093-87A207D53A18}.Debug|Mixed Platforms.ActiveCfg = Debug|x86
		{B2569458-157E-4878-9093-87A207D53A18}.Debug|Mixed Platforms.Build.0 = Debug|x86
		{B2569458-157E-4878-9093-87A207D53A18}.Debug|Win32.ActiveCfg = Debug|x86
		{B2569458-157E-4878-9093-87A207D53A18}.Debug|x86.ActiveCfg = Debug|x86
		{B2569458-157E-4878-9093-87A207D53A18}.Debug|x86.Build.0 = Debug|x86
		{B2569458-157E-4878-9093-87A207D53A18}.Profile|Any CPU.ActiveCfg = Release|x86
		{B2569458-157E-4878-9093-87A207D53A18}.Profile|Mixed Platforms.ActiveCfg = Release|x86
		{B2569458-157E-4878-9093-87A207D53A18}.Profile|Mixed Platforms.Build.0 = Release|x86
		{B2569458-157E-4878-9093-87A207D53A18}.Profile|Win32.ActiveCfg = Release|x86
		{B2569458-157E-4878-9093-87A207D53A18}.Profile|x86.ActiveCfg = Release|x86
		{B2569458-157E-4878-9093-87A207D53A18}.Profile|x86.Build.0 = Release|x86
		{B2569458-157E-4878-9093-87A207D53A18}.Release CORBA DEBUG|Any CPU.ActiveCfg = Release|x86
		{B2569458-157E-4878-9093-87A207D53A18}.Release CORBA DEBUG|Mixed Platforms.ActiveCfg = Release|x86
		{B2569458-157E-4878-9093-87A207D53A18}.Release CORBA DEBUG|Mixed Platforms.Build.0 = Release|x86
		{B2569458-157E-4878-9093-87A207D53A18}.Release CORBA DEBUG|Win32.ActiveCfg = Release|x86
		{B2569458-157E-4878-9093-87A207D53A18}.Release CORBA DEBUG|x86.ActiveCfg = Release|x86
		{B2569458-157E-4878-9093-87A207D53A18}.Release CORBA DEBUG|x86.Build.0 = Release|x86
		{B2569458-157E-4878-9093-87A207D53A18}.Release CORBA|Any CPU.ActiveCfg = Release|x86
		{B2569458-157E-4878-9093-87A207D53A18}.Release CORBA|Mixed Platforms.ActiveCfg = Release|x86
		{B2569458-157E-4878-9093-87A207D53A18}.Release CORBA|Mixed Platforms.Build.0 = Release|x86
		{B2569458-157E-4878-9093-87A207D53A18}.Release CORBA|Win32.ActiveCfg = Release|x86
		{B2569458-157E-4878-9093-87A207D53A18}.Release CORBA|x86.ActiveCfg = Release|x86
		{B2569458-157E-4878-9093-87A207D53A18}.Release CORBA|x86.Build.0 = Release|x86
		{B2569458-157E-4878-9093-87A207D53A18}.Release|Any CPU.ActiveCfg = Release|x86
		{B2569458-157E-4878-9093-87A207D53A18}.Release|Mixed Platforms.ActiveCfg = Release|x86
		{B2569458-157E-4878-9093-87A207D53A18}.Release|Mixed Platforms.Build.0 = Release|x86
		{B2569458-157E-4878-9093-87A207D53A18}.Release|Win32.ActiveCfg = Release|x86
		{B2569458-157E-4878-9093-87A207D53A18}.Release|x86.ActiveCfg = Release|x86
		{B2569458-157E-4878-9093-87A207D53A18}.Release|x86.Build.0 = Release|x86
		{B2569458-157E-4878-9093-87A207D53A18}.Template|Any CPU.ActiveCfg = Release|x86
		{B2569458-157E-4878-9093-87A207D53A18}.Template|Mixed Platforms.ActiveCfg = Release|x86
		{B2569458-157E-4878-9093-87A207D53A18}.Template|Mixed Platforms.Build.0 = Release|x86
		{B2569458-157E-4878-9093-87A207D53A18}.Template|Win32.ActiveCfg = Release|x86
		{B2569458-157E-4878-9093-87A207D53A18}.Template|x86.ActiveCfg = Release|x86
		{B2569458-157E-4878-9093-87A207D53A18}.Template|x86.Build.0 = Release|x86
		{0AFD2D0F-44A5-45B7-81F6-689049C9DF48}.Debug|Any CPU.ActiveCfg = Debug|Any CPU
		{0AFD2D0F-44A5-45B7-81F6-689049C9DF48}.Debug|Any CPU.Build.0 = Debug|Any CPU
		{0AFD2D0F-44A5-45B7-81F6-689049C9DF48}.Debug|Mixed Platforms.ActiveCfg = Debug|Any CPU
		{0AFD2D0F-44A5-45B7-81F6-689049C9DF48}.Debug|Mixed Platforms.Build.0 = Debug|Any CPU
		{0AFD2D0F-44A5-45B7-81F6-689049C9DF48}.Debug|Win32.ActiveCfg = Debug|Any CPU
		{0AFD2D0F-44A5-45B7-81F6-689049C9DF48}.Debug|x86.ActiveCfg = Debug|Any CPU
		{0AFD2D0F-44A5-45B7-81F6-689049C9DF48}.Profile|Any CPU.ActiveCfg = Release|Any CPU
		{0AFD2D0F-44A5-45B7-81F6-689049C9DF48}.Profile|Any CPU.Build.0 = Release|Any CPU
		{0AFD2D0F-44A5-45B7-81F6-689049C9DF48}.Profile|Mixed Platforms.ActiveCfg = Release|Any CPU
		{0AFD2D0F-44A5-45B7-81F6-689049C9DF48}.Profile|Mixed Platforms.Build.0 = Release|Any CPU
		{0AFD2D0F-44A5-45B7-81F6-689049C9DF48}.Profile|Win32.ActiveCfg = Release|Any CPU
		{0AFD2D0F-44A5-45B7-81F6-689049C9DF48}.Profile|x86.ActiveCfg = Release|Any CPU
		{0AFD2D0F-44A5-45B7-81F6-689049C9DF48}.Release CORBA DEBUG|Any CPU.ActiveCfg = Release|Any CPU
		{0AFD2D0F-44A5-45B7-81F6-689049C9DF48}.Release CORBA DEBUG|Any CPU.Build.0 = Release|Any CPU
		{0AFD2D0F-44A5-45B7-81F6-689049C9DF48}.Release CORBA DEBUG|Mixed Platforms.ActiveCfg = Release|Any CPU
		{0AFD2D0F-44A5-45B7-81F6-689049C9DF48}.Release CORBA DEBUG|Mixed Platforms.Build.0 = Release|Any CPU
		{0AFD2D0F-44A5-45B7-81F6-689049C9DF48}.Release CORBA DEBUG|Win32.ActiveCfg = Release|Any CPU
		{0AFD2D0F-44A5-45B7-81F6-689049C9DF48}.Release CORBA DEBUG|x86.ActiveCfg = Release|Any CPU
		{0AFD2D0F-44A5-45B7-81F6-689049C9DF48}.Release CORBA|Any CPU.ActiveCfg = Release|Any CPU
		{0AFD2D0F-44A5-45B7-81F6-689049C9DF48}.Release CORBA|Any CPU.Build.0 = Release|Any CPU
		{0AFD2D0F-44A5-45B7-81F6-689049C9DF48}.Release CORBA|Mixed Platforms.ActiveCfg = Release|Any CPU
		{0AFD2D0F-44A5-45B7-81F6-689049C9DF48}.Release CORBA|Mixed Platforms.Build.0 = Release|Any CPU
		{0AFD2D0F-44A5-45B7-81F6-689049C9DF48}.Release CORBA|Win32.ActiveCfg = Release|Any CPU
		{0AFD2D0F-44A5-45B7-81F6-689049C9DF48}.Release CORBA|x86.ActiveCfg = Release|Any CPU
		{0AFD2D0F-44A5-45B7-81F6-689049C9DF48}.Release|Any CPU.ActiveCfg = Release|Any CPU
		{0AFD2D0F-44A5-45B7-81F6-689049C9DF48}.Release|Any CPU.Build.0 = Release|Any CPU
		{0AFD2D0F-44A5-45B7-81F6-689049C9DF48}.Release|Mixed Platforms.ActiveCfg = Release|Any CPU
		{0AFD2D0F-44A5-45B7-81F6-689049C9DF48}.Release|Mixed Platforms.Build.0 = Release|Any CPU
		{0AFD2D0F-44A5-45B7-81F6-689049C9DF48}.Release|Win32.ActiveCfg = Release|Any CPU
		{0AFD2D0F-44A5-45B7-81F6-689049C9DF48}.Release|x86.ActiveCfg = Release|Any CPU
		{0AFD2D0F-44A5-45B7-81F6-689049C9DF48}.Template|Any CPU.ActiveCfg = Release|Any CPU
		{0AFD2D0F-44A5-45B7-81F6-689049C9DF48}.Template|Any CPU.Build.0 = Release|Any CPU
		{0AFD2D0F-44A5-45B7-81F6-689049C9DF48}.Template|Mixed Platforms.ActiveCfg = Release|Any CPU
		{0AFD2D0F-44A5-45B7-81F6-689049C9DF48}.Template|Mixed Platforms.Build.0 = Release|Any CPU
		{0AFD2D0F-44A5-45B7-81F6-689049C9DF48}.Template|Win32.ActiveCfg = Release|Any CPU
		{0AFD2D0F-44A5-45B7-81F6-689049C9DF48}.Template|x86.ActiveCfg = Release|Any CPU
	EndGlobalSection
	GlobalSection(SolutionProperties) = preSolution
		HideSolutionNode = FALSE
	EndGlobalSection
EndGlobal
