<?xml version="1.0" encoding="utf-8"?>
<Project ToolsVersion="4.0" xmlns="http://schemas.microsoft.com/developer/msbuild/2003">
  <ItemGroup>
    <Filter Include="Source Files">
      <UniqueIdentifier>{f60a2cd2-f19b-457f-983f-81e161035438}</UniqueIdentifier>
      <Extensions>cpp;c;cxx;rc;def;r;odl;idl;hpj;bat</Extensions>
    </Filter>
    <Filter Include="Header Files">
      <UniqueIdentifier>{cef7b0ef-2331-416e-98cb-923b512c02f3}</UniqueIdentifier>
      <Extensions>h;hpp;hxx;hm;inl</Extensions>
    </Filter>
    <Filter Include="Resource Files">
      <UniqueIdentifier>{da0bda02-265d-4e1f-8806-9cfdc3ad2b0a}</UniqueIdentifier>
      <Extensions>ico;cur;bmp;dlg;rc2;rct;bin;rgs;gif;jpg;jpeg;jpe</Extensions>
    </Filter>
  </ItemGroup>
  <ItemGroup>
    <ClCompile Include="..\rfb\dh.cpp">
      <Filter>Source Files</Filter>
    </ClCompile>
    <ClCompile Include="..\DSMPlugin\DSMPlugin.cpp">
      <Filter>Source Files</Filter>
    </ClCompile>
    <ClCompile Include="Helpers.cpp">
      <Filter>Source Files</Filter>
    </ClCompile>
    <ClCompile Include="..\lzo\minilzo.c">
      <Filter>Source Files</Filter>
    </ClCompile>
    <ClCompile Include="StdAfx.cpp">
      <Filter>Source Files</Filter>
    </ClCompile>
    <ClCompile Include="UltraVncAx.cpp">
      <Filter>Source Files</Filter>
    </ClCompile>
    <ClCompile Include="UltraVncAxGlobalConstructor.cpp">
      <Filter>Source Files</Filter>
    </ClCompile>
    <ClCompile Include="UltraVncAxObj.cpp">
      <Filter>Source Files</Filter>
    </ClCompile>
    <ClCompile Include="..\ZipUnZip32\ZipUnzip32.cpp">
      <Filter>Source Files</Filter>
    </ClCompile>
    <ClCompile Include="..\vncviewer\AboutBox.cpp">
      <Filter>Source Files</Filter>
    </ClCompile>
    <ClCompile Include="..\vncviewer\AccelKeys.cpp">
      <Filter>Source Files</Filter>
    </ClCompile>
    <ClCompile Include="..\vncviewer\AuthDialog.cpp">
      <Filter>Source Files</Filter>
    </ClCompile>
    <ClCompile Include="..\vncviewer\buildtime.cpp">
      <Filter>Source Files</Filter>
    </ClCompile>
    <ClCompile Include="..\vncviewer\ClientConnection.cpp">
      <Filter>Source Files</Filter>
    </ClCompile>
    <ClCompile Include="..\vncviewer\ClientConnectionCacheRect.cpp">
      <Filter>Source Files</Filter>
    </ClCompile>
    <ClCompile Include="..\vncviewer\ClientConnectionClipboard.cpp">
      <Filter>Source Files</Filter>
    </ClCompile>
    <ClCompile Include="..\vncviewer\ClientConnectionCopyRect.cpp">
      <Filter>Source Files</Filter>
    </ClCompile>
    <ClCompile Include="..\vncviewer\ClientConnectionCoRRE.cpp">
      <Filter>Source Files</Filter>
    </ClCompile>
    <ClCompile Include="..\vncviewer\ClientConnectionCursor.cpp">
      <Filter>Source Files</Filter>
    </ClCompile>
    <ClCompile Include="..\vncviewer\ClientConnectionFile.cpp">
      <Filter>Source Files</Filter>
    </ClCompile>
    <ClCompile Include="..\vncviewer\ClientConnectionFullScreen.cpp">
      <Filter>Source Files</Filter>
    </ClCompile>
    <ClCompile Include="..\vncviewer\ClientConnectionHextile.cpp">
      <Filter>Source Files</Filter>
    </ClCompile>
    <ClCompile Include="..\vncviewer\ClientConnectionRaw.cpp">
      <Filter>Source Files</Filter>
    </ClCompile>
    <ClCompile Include="..\vncviewer\ClientConnectionRRE.cpp">
      <Filter>Source Files</Filter>
    </ClCompile>
    <ClCompile Include="..\vncviewer\ClientConnectionTight.cpp">
      <Filter>Source Files</Filter>
    </ClCompile>
    <ClCompile Include="..\vncviewer\ClientConnectionUltra.cpp">
      <Filter>Source Files</Filter>
    </ClCompile>
    <ClCompile Include="..\vncviewer\ClientConnectionZlib.cpp">
      <Filter>Source Files</Filter>
    </ClCompile>
    <ClCompile Include="..\vncviewer\ClientConnectionZlibHex.cpp">
      <Filter>Source Files</Filter>
    </ClCompile>
    <ClCompile Include="..\vncviewer\d3des.c">
      <Filter>Source Files</Filter>
    </ClCompile>
    <ClCompile Include="..\vncviewer\Daemon.cpp">
      <Filter>Source Files</Filter>
    </ClCompile>
    <ClCompile Include="..\vncviewer\Exception.cpp">
      <Filter>Source Files</Filter>
    </ClCompile>
    <ClCompile Include="..\vncviewer\FileTransfer.cpp">
      <Filter>Source Files</Filter>
    </ClCompile>
    <ClCompile Include="..\vncviewer\Flasher.cpp">
      <Filter>Source Files</Filter>
    </ClCompile>
    <ClCompile Include="..\vncviewer\FullScreenTitleBar.cpp">
      <Filter>Source Files</Filter>
    </ClCompile>
    <ClCompile Include="..\vncviewer\KeyMap.cpp">
      <Filter>Source Files</Filter>
    </ClCompile>
    <ClCompile Include="..\vncviewer\Log.cpp">
      <Filter>Source Files</Filter>
    </ClCompile>
    <ClCompile Include="..\vncviewer\LowLevelHook.cpp">
      <Filter>Source Files</Filter>
    </ClCompile>
    <ClCompile Include="..\vncviewer\MRU.cpp">
      <Filter>Source Files</Filter>
    </ClCompile>
    <ClCompile Include="..\vncviewer\SessionDialog.cpp">
      <Filter>Source Files</Filter>
    </ClCompile>
    <ClCompile Include="..\vncviewer\stdhdrs.cpp">
      <Filter>Source Files</Filter>
    </ClCompile>
    <ClCompile Include="..\vncviewer\TextChat.cpp">
      <Filter>Source Files</Filter>
    </ClCompile>
    <ClCompile Include="..\vncviewer\vncauth.c">
      <Filter>Source Files</Filter>
    </ClCompile>
    <ClCompile Include="..\vncviewer\VNCOptions.cpp">
      <Filter>Source Files</Filter>
    </ClCompile>
    <ClCompile Include="..\vncviewer\vncviewer.cpp">
      <Filter>Source Files</Filter>
    </ClCompile>
    <ClCompile Include="..\vncviewer\VNCviewerApp.cpp">
      <Filter>Source Files</Filter>
    </ClCompile>
    <ClCompile Include="..\vncviewer\VNCviewerApp32.cpp">
      <Filter>Source Files</Filter>
    </ClCompile>
    <ClCompile Include="..\vncviewer\zrle.cpp">
      <Filter>Source Files</Filter>
    </ClCompile>
  </ItemGroup>
  <ItemGroup>
    <Midl Include="UltraVncAx.idl">
      <Filter>Source Files</Filter>
    </Midl>
  </ItemGroup>
  <ItemGroup>
    <ResourceCompile Include="UltraVncAx.rc">
      <Filter>Source Files</Filter>
    </ResourceCompile>
  </ItemGroup>
  <ItemGroup>
    <ClInclude Include="..\rfb\dh.h">
      <Filter>Header Files</Filter>
    </ClInclude>
    <ClInclude Include="..\DSMPlugin\DSMPlugin.h">
      <Filter>Header Files</Filter>
    </ClInclude>
    <ClInclude Include="..\res\resource.h">
      <Filter>Header Files</Filter>
    </ClInclude>
    <ClInclude Include="Resource.h">
      <Filter>Header Files</Filter>
    </ClInclude>
    <ClInclude Include="StdAfx.h">
      <Filter>Header Files</Filter>
    </ClInclude>
    <ClInclude Include="UltraVncAxCP.h">
      <Filter>Header Files</Filter>
    </ClInclude>
    <ClInclude Include="UltraVncAxObj.h">
      <Filter>Header Files</Filter>
    </ClInclude>
    <ClInclude Include="..\ZipUnZip32\ZipUnZip32.h">
      <Filter>Header Files</Filter>
    </ClInclude>
    <ClInclude Include="..\vncviewer\AboutBox.h">
      <Filter>Header Files</Filter>
    </ClInclude>
    <ClInclude Include="..\vncviewer\AccelKeys.h">
      <Filter>Header Files</Filter>
    </ClInclude>
    <ClInclude Include="..\vncviewer\AuthDialog.h">
      <Filter>Header Files</Filter>
    </ClInclude>
    <ClInclude Include="..\vncviewer\ClientConnection.h">
      <Filter>Header Files</Filter>
    </ClInclude>
    <ClInclude Include="..\vncviewer\d3des.h">
      <Filter>Header Files</Filter>
    </ClInclude>
    <ClInclude Include="..\vncviewer\Daemon.h">
      <Filter>Header Files</Filter>
    </ClInclude>
    <ClInclude Include="..\vncviewer\Exception.h">
      <Filter>Header Files</Filter>
    </ClInclude>
    <ClInclude Include="..\vncviewer\FileTransfer.h">
      <Filter>Header Files</Filter>
    </ClInclude>
    <ClInclude Include="..\vncviewer\Flasher.h">
      <Filter>Header Files</Filter>
    </ClInclude>
    <ClInclude Include="..\vncviewer\FullScreenTitleBar.h">
      <Filter>Header Files</Filter>
    </ClInclude>
    <ClInclude Include="..\vncviewer\FullScreenTitleBarConst.h">
      <Filter>Header Files</Filter>
    </ClInclude>
    <ClInclude Include="..\vncviewer\KeyMap.h">
      <Filter>Header Files</Filter>
    </ClInclude>
    <ClInclude Include="..\vncviewer\keysymdef.h">
      <Filter>Header Files</Filter>
    </ClInclude>
    <ClInclude Include="..\vncviewer\Log.h">
      <Filter>Header Files</Filter>
    </ClInclude>
    <ClInclude Include="..\vncviewer\LowLevelHook.h">
      <Filter>Header Files</Filter>
    </ClInclude>
    <ClInclude Include="..\vncviewer\MRU.h">
      <Filter>Header Files</Filter>
    </ClInclude>
    <ClInclude Include="..\vncviewer\rfb.h">
      <Filter>Header Files</Filter>
    </ClInclude>
    <ClInclude Include="..\vncviewer\SessionDialog.h">
      <Filter>Header Files</Filter>
    </ClInclude>
    <ClInclude Include="..\vncviewer\stdhdrs.h">
      <Filter>Header Files</Filter>
    </ClInclude>
    <ClInclude Include="..\vncviewer\TextChat.h">
      <Filter>Header Files</Filter>
    </ClInclude>
    <ClInclude Include="..\vncviewer\vncauth.h">
      <Filter>Header Files</Filter>
    </ClInclude>
    <ClInclude Include="..\vncviewer\VNCOptions.h">
      <Filter>Header Files</Filter>
    </ClInclude>
    <ClInclude Include="..\vncviewer\vncviewer.h">
      <Filter>Header Files</Filter>
    </ClInclude>
    <ClInclude Include="..\vncviewer\VNCviewerApp.h">
      <Filter>Header Files</Filter>
    </ClInclude>
    <ClInclude Include="..\vncviewer\VNCviewerApp32.h">
      <Filter>Header Files</Filter>
    </ClInclude>
  </ItemGroup>
  <ItemGroup>
    <Manifest Include="..\res\vncviewer.exe.manifest">
      <Filter>Resource Files</Filter>
    </Manifest>
  </ItemGroup>
  <ItemGroup>
    <CustomBuild Include="UltraVncAx.def">
      <Filter>Source Files</Filter>
    </CustomBuild>
    <CustomBuild Include="..\res\B46.ico">
      <Filter>Resource Files</Filter>
    </CustomBuild>
    <CustomBuild Include="B46.ico">
      <Filter>Resource Files</Filter>
    </CustomBuild>
    <CustomBuild Include="..\res\stat\back.bmp">
      <Filter>Resource Files</Filter>
    </CustomBuild>
    <CustomBuild Include="..\res\background2.bmp">
      <Filter>Resource Files</Filter>
    </CustomBuild>
    <CustomBuild Include="..\res\stat\background2.bmp">
      <Filter>Resource Files</Filter>
    </CustomBuild>
    <CustomBuild Include="..\res\bitmap1.bmp">
      <Filter>Resource Files</Filter>
    </CustomBuild>
    <CustomBuild Include="..\res\bitmap2.bmp">
      <Filter>Resource Files</Filter>
    </CustomBuild>
    <CustomBuild Include="..\res\stat\bitmap4.bmp">
      <Filter>Resource Files</Filter>
    </CustomBuild>
    <CustomBuild Include="..\res\stat\bitmap5.bmp">
      <Filter>Resource Files</Filter>
    </CustomBuild>
    <CustomBuild Include="..\res\stat\bitmap8.bmp">
      <Filter>Resource Files</Filter>
    </CustomBuild>
    <CustomBuild Include="..\res\stat\bitmap9.bmp">
      <Filter>Resource Files</Filter>
    </CustomBuild>
    <CustomBuild Include="..\res\stat\both.bmp">
      <Filter>Resource Files</Filter>
    </CustomBuild>
    <CustomBuild Include="..\res\stat\closeup.bmp">
      <Filter>Resource Files</Filter>
    </CustomBuild>
    <CustomBuild Include="..\res\cursor1.cur">
      <Filter>Resource Files</Filter>
    </CustomBuild>
    <CustomBuild Include="cursor1.cur">
      <Filter>Resource Files</Filter>
    </CustomBuild>
    <CustomBuild Include="..\res\cursorsel.cur">
      <Filter>Resource Files</Filter>
    </CustomBuild>
    <CustomBuild Include="cursorsel.cur">
      <Filter>Resource Files</Filter>
    </CustomBuild>
    <CustomBuild Include="..\res\dir.ico">
      <Filter>Resource Files</Filter>
    </CustomBuild>
    <CustomBuild Include="dir.ico">
      <Filter>Resource Files</Filter>
    </CustomBuild>
    <CustomBuild Include="..\res\drive.ico">
      <Filter>Resource Files</Filter>
    </CustomBuild>
    <CustomBuild Include="drive.ico">
      <Filter>Resource Files</Filter>
    </CustomBuild>
    <CustomBuild Include="..\res\file.ico">
      <Filter>Resource Files</Filter>
    </CustomBuild>
    <CustomBuild Include="file.ico">
      <Filter>Resource Files</Filter>
    </CustomBuild>
    <CustomBuild Include="..\res\stat\flash.bmp">
      <Filter>Resource Files</Filter>
    </CustomBuild>
    <CustomBuild Include="..\res\stat\front.bmp">
      <Filter>Resource Files</Filter>
    </CustomBuild>
    <CustomBuild Include="..\res\hoch.bmp">
      <Filter>Resource Files</Filter>
    </CustomBuild>
    <CustomBuild Include="..\res\idr_tray.ico">
      <Filter>Resource Files</Filter>
    </CustomBuild>
    <CustomBuild Include="idr_tray.ico">
      <Filter>Resource Files</Filter>
    </CustomBuild>
    <CustomBuild Include="idr_tray_disabled.ico">
      <Filter>Resource Files</Filter>
    </CustomBuild>
    <CustomBuild Include="..\res\stat\mainicon.ico">
      <Filter>Resource Files</Filter>
    </CustomBuild>
    <CustomBuild Include="..\res\stat\maximizeup.bmp">
      <Filter>Resource Files</Filter>
    </CustomBuild>
    <CustomBuild Include="..\res\stat\minimizeup.bmp">
      <Filter>Resource Files</Filter>
    </CustomBuild>
    <CustomBuild Include="..\res\nocursor.cur">
      <Filter>Resource Files</Filter>
    </CustomBuild>
    <CustomBuild Include="nocursor.cur">
      <Filter>Resource Files</Filter>
    </CustomBuild>
    <CustomBuild Include="..\res\stat\none.bmp">
      <Filter>Resource Files</Filter>
    </CustomBuild>
    <CustomBuild Include="..\res\stat\pindown.bmp">
      <Filter>Resource Files</Filter>
    </CustomBuild>
    <CustomBuild Include="..\res\stat\pinup.bmp">
      <Filter>Resource Files</Filter>
    </CustomBuild>
    <CustomBuild Include="..\res\quer.bmp">
      <Filter>Resource Files</Filter>
    </CustomBuild>
    <CustomBuild Include="..\res\toolbar1.bmp">
      <Filter>Resource Files</Filter>
    </CustomBuild>
    <CustomBuild Include="..\res\ultra-logo.bmp">
      <Filter>Resource Files</Filter>
    </CustomBuild>
    <CustomBuild Include="UltraVncAxObj.rgs">
      <Filter>Resource Files</Filter>
    </CustomBuild>
    <CustomBuild Include="..\res\vnc.bmp">
      <Filter>Resource Files</Filter>
    </CustomBuild>
    <CustomBuild Include="..\res\vnc32.BMP">
      <Filter>Resource Files</Filter>
    </CustomBuild>
    <CustomBuild Include="..\res\vnc64.BMP">
      <Filter>Resource Files</Filter>
    </CustomBuild>
    <CustomBuild Include="..\res\vncviewer.ico">
      <Filter>Resource Files</Filter>
    </CustomBuild>
    <CustomBuild Include="vncviewer.ico">
      <Filter>Resource Files</Filter>
    </CustomBuild>
  </ItemGroup>
</Project>